github.com/koykov/bitset v1.0.0 h1:2mEbAhKelhpdWqnpa+mR3HRhdMsto5od7ACOi6MIAmk=
github.com/koykov/bitset v1.0.0/go.mod h1:DVR3bH49c1oOcNtD38h+aQq7lp1ZY91cXmjOldlTk8A=
github.com/koykov/bytealg v1.0.1 h1:WlD9/4PMThmfQuIRVpVCujzM/3AVTEwlgvaYrErO9Nk=
github.com/koykov/bytealg v1.0.1/go.mod h1:kMvejxwPkAt7YfHpB1PQ/utMwKpHSY54u1rCxna6Wvg=
github.com/koykov/byteseq v0.0.0-20230125200105-350d42535db1 h1:zsMj+G+emsRSZsfbw+yuWqkNKLi4DWK+RDf83EaoUlM=
github.com/koykov/byteseq v0.0.0-20230125200105-350d42535db1/go.mod h1:JlIJ6P3/ocuGNRbTVyP0NVRS/ExofhOS8g7mtefjefw=
github.com/koykov/entity/html v0.0.0-20230314180528-671d68e25b53 h1:HDIItaiXJHAHotOfW9qMWa0ovG3hkEDBLwsz7Ol6Ab0=
github.com/koykov/entity/html v0.0.0-20230314180528-671d68e25b53/go.mod h1:THA2YLPUPJek4+hMqjwMzyGm01VQhppYqY5sKYm8jkQ=
github.com/koykov/entry v1.0.1 h1:XurTLzqcbluBKMJqBB23HoKrkd1tdp5nH8RrbSE9Jl0=
github.com/koykov/entry v1.0.1/go.mod h1:WmCy/YM0sPb4ETL9wYY0OJwO89KJ7qeQPGOwLUG4rZU=
github.com/koykov/fastconv v1.0.0/go.mod h1:Y7I12pumAx+2iH1Yh0X85UpywP7IET/+M7S17toJBes=
github.com/koykov/fastconv v1.0.1 h1:iCLCfmfirnYzYidi8yyuRKdPT6Uv+iEyWnWzgdfYA2E=
github.com/koykov/fastconv v1.0.1/go.mod h1:Y7I12pumAx+2iH1Yh0X85UpywP7IET/+M7S17toJBes=
